
Microsoft Visual Studio Solution File, Format Version 12.00
# Visual Studio 2013
VisualStudioVersion = 12.0.21005.1
MinimumVisualStudioVersion = 10.0.40219.1
Project("{FAE04EC0-301F-11D3-BF4B-00C04F79EFBC}") = "HermesManagementAssistant", "HermesManagementAssistant\HermesManagementAssistant.csproj", "{CB135545-5847-4D86-A1A0-B4869D47899C}"
EndProject
Project("{FAE04EC0-301F-11D3-BF4B-00C04F79EFBC}") = "MODEL", "MODEL\MODEL.csproj", "{D5A3DFCE-2FC3-483A-A142-55CA22BD7C8C}"
EndProject
Project("{FAE04EC0-301F-11D3-BF4B-00C04F79EFBC}") = "BLL", "BLL\BLL.csproj", "{B2F0EC43-11F9-45CC-81B7-A9DE82BA8514}"
EndProject
Project("{FAE04EC0-301F-11D3-BF4B-00C04F79EFBC}") = "DAO", "DAO\DAO.csproj", "{928090E3-DFF9-4E0B-855A-D5A83ECFB0BC}"
EndProject
Global
	GlobalSection(SolutionConfigurationPlatforms) = preSolution
		Debug|Any CPU = Debug|Any CPU
		Release|Any CPU = Release|Any CPU
	EndGlobalSection
	GlobalSection(ProjectConfigurationPlatforms) = postSolution
		{CB135545-5847-4D86-A1A0-B4869D47899C}.Debug|Any CPU.ActiveCfg = Debug|Any CPU
		{CB135545-5847-4D86-A1A0-B4869D47899C}.Debug|Any CPU.Build.0 = Debug|Any CPU
		{CB135545-5847-4D86-A1A0-B4869D47899C}.Release|Any CPU.ActiveCfg = Release|Any CPU
		{CB135545-5847-4D86-A1A0-B4869D47899C}.Release|Any CPU.Build.0 = Release|Any CPU
		{D5A3DFCE-2FC3-483A-A142-55CA22BD7C8C}.Debug|Any CPU.ActiveCfg = Debug|Any CPU
		{D5A3DFCE-2FC3-483A-A142-55CA22BD7C8C}.Debug|Any CPU.Build.0 = Debug|Any CPU
		{D5A3DFCE-2FC3-483A-A142-55CA22BD7C8C}.Release|Any CPU.ActiveCfg = Release|Any CPU
		{D5A3DFCE-2FC3-483A-A142-55CA22BD7C8C}.Release|Any CPU.Build.0 = Release|Any CPU
		{B2F0EC43-11F9-45CC-81B7-A9DE82BA8514}.Debug|Any CPU.ActiveCfg = Debug|Any CPU
		{B2F0EC43-11F9-45CC-81B7-A9DE82BA8514}.Debug|Any CPU.Build.0 = Debug|Any CPU
		{B2F0EC43-11F9-45CC-81B7-A9DE82BA8514}.Release|Any CPU.ActiveCfg = Release|Any CPU
		{B2F0EC43-11F9-45CC-81B7-A9DE82BA8514}.Release|Any CPU.Build.0 = Release|Any CPU
		{928090E3-DFF9-4E0B-855A-D5A83ECFB0BC}.Debug|Any CPU.ActiveCfg = Debug|Any CPU
		{928090E3-DFF9-4E0B-855A-D5A83ECFB0BC}.Debug|Any CPU.Build.0 = Debug|Any CPU
		{928090E3-DFF9-4E0B-855A-D5A83ECFB0BC}.Release|Any CPU.ActiveCfg = Release|Any CPU
		{928090E3-DFF9-4E0B-855A-D5A83ECFB0BC}.Release|Any CPU.Build.0 = Release|Any CPU
	EndGlobalSection
	GlobalSection(SolutionProperties) = preSolution
		HideSolutionNode = FALSE
	EndGlobalSection
EndGlobal
